
Microsoft Visual Studio Solution File, Format Version 12.00
# Visual Studio 14
VisualStudioVersion = 14.0.25420.1
MinimumVisualStudioVersion = 10.0.40219.1
Project("{FAE04EC0-301F-11D3-BF4B-00C04F79EFBC}") = "projectLudo", "projectLudo\projectLudo.csproj", "{FAE79210-D8A6-4D18-A1A7-E09A52B6A2BF}"
EndProject
Project("{FAE04EC0-301F-11D3-BF4B-00C04F79EFBC}") = "pageLudo", "pageLudo\pageLudo.csproj", "{C07ED23B-5D70-4628-9328-B071B6B6B2C6}"
EndProject
Project("{FAE04EC0-301F-11D3-BF4B-00C04F79EFBC}") = "Entities", "Entities\Entities.csproj", "{9691EB21-AC0C-4358-999D-A5C14ECDAD60}"
EndProject
Project("{FAE04EC0-301F-11D3-BF4B-00C04F79EFBC}") = "Repository", "Repository\Repository.csproj", "{C8F810FB-1072-4961-8B37-C1591B6BCA49}"
EndProject
Project("{FAE04EC0-301F-11D3-BF4B-00C04F79EFBC}") = "ZoliTest", "ZoliRepoTest\ZoliTest.csproj", "{0689C207-CB29-489F-AA8F-E544D9EF5377}"
EndProject
Project("{FAE04EC0-301F-11D3-BF4B-00C04F79EFBC}") = "SignalRServer", "SingleRServer\SignalRServer.csproj", "{11E88559-CCC7-4CAA-A9B9-D274E2E9EC01}"
EndProject
Project("{FAE04EC0-301F-11D3-BF4B-00C04F79EFBC}") = "Game", "Game\Game.csproj", "{BF9CA9FC-2347-40F6-931B-CA8C0B371D52}"
EndProject
Project("{FAE04EC0-301F-11D3-BF4B-00C04F79EFBC}") = "BoardGame", "BoardGame\BoardGame.csproj", "{3B9E434C-F9C6-47D4-A196-A4573AA58419}"
EndProject
Project("{FAE04EC0-301F-11D3-BF4B-00C04F79EFBC}") = "ErikaTestSignalR", "ErikaTestSignalR\ErikaTestSignalR.csproj", "{C3CE7E37-29A6-4F10-8551-CB04DADAA1FB}"
EndProject
Project("{FAE04EC0-301F-11D3-BF4B-00C04F79EFBC}") = "ErikaTestSignalRWPFServer", "ErikaTestSignalRWPFServer\ErikaTestSignalRWPFServer.csproj", "{FFD43075-B3E3-4E96-B1F1-F579EC2F9944}"
EndProject
Global
	GlobalSection(SolutionConfigurationPlatforms) = preSolution
		Debug|Any CPU = Debug|Any CPU
		Release|Any CPU = Release|Any CPU
	EndGlobalSection
	GlobalSection(ProjectConfigurationPlatforms) = postSolution
		{FAE79210-D8A6-4D18-A1A7-E09A52B6A2BF}.Debug|Any CPU.ActiveCfg = Debug|Any CPU
		{FAE79210-D8A6-4D18-A1A7-E09A52B6A2BF}.Debug|Any CPU.Build.0 = Debug|Any CPU
		{FAE79210-D8A6-4D18-A1A7-E09A52B6A2BF}.Release|Any CPU.ActiveCfg = Release|Any CPU
		{FAE79210-D8A6-4D18-A1A7-E09A52B6A2BF}.Release|Any CPU.Build.0 = Release|Any CPU
		{C07ED23B-5D70-4628-9328-B071B6B6B2C6}.Debug|Any CPU.ActiveCfg = Debug|Any CPU
		{C07ED23B-5D70-4628-9328-B071B6B6B2C6}.Debug|Any CPU.Build.0 = Debug|Any CPU
		{C07ED23B-5D70-4628-9328-B071B6B6B2C6}.Release|Any CPU.ActiveCfg = Release|Any CPU
		{C07ED23B-5D70-4628-9328-B071B6B6B2C6}.Release|Any CPU.Build.0 = Release|Any CPU
		{9691EB21-AC0C-4358-999D-A5C14ECDAD60}.Debug|Any CPU.ActiveCfg = Debug|Any CPU
		{9691EB21-AC0C-4358-999D-A5C14ECDAD60}.Debug|Any CPU.Build.0 = Debug|Any CPU
		{9691EB21-AC0C-4358-999D-A5C14ECDAD60}.Release|Any CPU.ActiveCfg = Release|Any CPU
		{9691EB21-AC0C-4358-999D-A5C14ECDAD60}.Release|Any CPU.Build.0 = Release|Any CPU
		{C8F810FB-1072-4961-8B37-C1591B6BCA49}.Debug|Any CPU.ActiveCfg = Debug|Any CPU
		{C8F810FB-1072-4961-8B37-C1591B6BCA49}.Debug|Any CPU.Build.0 = Debug|Any CPU
		{C8F810FB-1072-4961-8B37-C1591B6BCA49}.Release|Any CPU.ActiveCfg = Release|Any CPU
		{C8F810FB-1072-4961-8B37-C1591B6BCA49}.Release|Any CPU.Build.0 = Release|Any CPU
		{0689C207-CB29-489F-AA8F-E544D9EF5377}.Debug|Any CPU.ActiveCfg = Debug|Any CPU
		{0689C207-CB29-489F-AA8F-E544D9EF5377}.Debug|Any CPU.Build.0 = Debug|Any CPU
		{0689C207-CB29-489F-AA8F-E544D9EF5377}.Release|Any CPU.ActiveCfg = Release|Any CPU
		{0689C207-CB29-489F-AA8F-E544D9EF5377}.Release|Any CPU.Build.0 = Release|Any CPU
		{11E88559-CCC7-4CAA-A9B9-D274E2E9EC01}.Debug|Any CPU.ActiveCfg = Debug|Any CPU
		{11E88559-CCC7-4CAA-A9B9-D274E2E9EC01}.Debug|Any CPU.Build.0 = Debug|Any CPU
		{11E88559-CCC7-4CAA-A9B9-D274E2E9EC01}.Release|Any CPU.ActiveCfg = Release|Any CPU
		{11E88559-CCC7-4CAA-A9B9-D274E2E9EC01}.Release|Any CPU.Build.0 = Release|Any CPU
		{BF9CA9FC-2347-40F6-931B-CA8C0B371D52}.Debug|Any CPU.ActiveCfg = Debug|Any CPU
		{BF9CA9FC-2347-40F6-931B-CA8C0B371D52}.Debug|Any CPU.Build.0 = Debug|Any CPU
		{BF9CA9FC-2347-40F6-931B-CA8C0B371D52}.Release|Any CPU.ActiveCfg = Release|Any CPU
		{BF9CA9FC-2347-40F6-931B-CA8C0B371D52}.Release|Any CPU.Build.0 = Release|Any CPU
		{3B9E434C-F9C6-47D4-A196-A4573AA58419}.Debug|Any CPU.ActiveCfg = Debug|Any CPU
		{3B9E434C-F9C6-47D4-A196-A4573AA58419}.Debug|Any CPU.Build.0 = Debug|Any CPU
		{3B9E434C-F9C6-47D4-A196-A4573AA58419}.Release|Any CPU.ActiveCfg = Release|Any CPU
		{3B9E434C-F9C6-47D4-A196-A4573AA58419}.Release|Any CPU.Build.0 = Release|Any CPU
		{C3CE7E37-29A6-4F10-8551-CB04DADAA1FB}.Debug|Any CPU.ActiveCfg = Debug|Any CPU
		{C3CE7E37-29A6-4F10-8551-CB04DADAA1FB}.Debug|Any CPU.Build.0 = Debug|Any CPU
		{C3CE7E37-29A6-4F10-8551-CB04DADAA1FB}.Release|Any CPU.ActiveCfg = Release|Any CPU
		{C3CE7E37-29A6-4F10-8551-CB04DADAA1FB}.Release|Any CPU.Build.0 = Release|Any CPU
		{FFD43075-B3E3-4E96-B1F1-F579EC2F9944}.Debug|Any CPU.ActiveCfg = Debug|Any CPU
		{FFD43075-B3E3-4E96-B1F1-F579EC2F9944}.Debug|Any CPU.Build.0 = Debug|Any CPU
		{FFD43075-B3E3-4E96-B1F1-F579EC2F9944}.Release|Any CPU.ActiveCfg = Release|Any CPU
		{FFD43075-B3E3-4E96-B1F1-F579EC2F9944}.Release|Any CPU.Build.0 = Release|Any CPU
	EndGlobalSection
	GlobalSection(SolutionProperties) = preSolution
		HideSolutionNode = FALSE
	EndGlobalSection
EndGlobal
